// !$*UTF8*$!
{
	archiveVersion = 1;
	classes = {
	};
	objectVersion = 50;
	objects = {

/* Begin PBXBuildFile section */
		D130DE4524A653A60005B699 /* Backtracking.swift in Sources */ = {isa = PBXBuildFile; fileRef = D130DE4424A653A60005B699 /* Backtracking.swift */; };
		D149624624C0E87400B5BA5F /* TreeBasics.swift in Sources */ = {isa = PBXBuildFile; fileRef = D149624524C0E87400B5BA5F /* TreeBasics.swift */; };
		D178A27A24B38AC400A0AB29 /* Sort.swift in Sources */ = {isa = PBXBuildFile; fileRef = D178A27924B38AC400A0AB29 /* Sort.swift */; };
		D18DEF3224A2612F00DBF009 /* main.swift in Sources */ = {isa = PBXBuildFile; fileRef = D18DEF3124A2612F00DBF009 /* main.swift */; };
		D18DEF3A24A2617900DBF009 /* Recursion.swift in Sources */ = {isa = PBXBuildFile; fileRef = D18DEF3924A2617900DBF009 /* Recursion.swift */; };
		D18DEF3C24A267B200DBF009 /* String+DPStringTool.swift in Sources */ = {isa = PBXBuildFile; fileRef = D18DEF3B24A267B200DBF009 /* String+DPStringTool.swift */; };
		D1B39C0524A53868000E91EE /* TreeFiles.swift in Sources */ = {isa = PBXBuildFile; fileRef = D1B39C0424A53868000E91EE /* TreeFiles.swift */; };
		D1B39C0B24A5695D000E91EE /* Test1.swift in Sources */ = {isa = PBXBuildFile; fileRef = D1B39C0A24A5695D000E91EE /* Test1.swift */; };
		D1BA72CD24B626DE0085A1A2 /* Bag.swift in Sources */ = {isa = PBXBuildFile; fileRef = D1BA72CC24B626DE0085A1A2 /* Bag.swift */; };
		D1BA72CF24B626E60085A1A2 /* Stack.swift in Sources */ = {isa = PBXBuildFile; fileRef = D1BA72CE24B626E60085A1A2 /* Stack.swift */; };
		D1BA72D124B626EF0085A1A2 /* Queue.swift in Sources */ = {isa = PBXBuildFile; fileRef = D1BA72D024B626EF0085A1A2 /* Queue.swift */; };
		D1C28E3C24C5F3DA002864F9 /* TreeParent.swift in Sources */ = {isa = PBXBuildFile; fileRef = D1C28E3B24C5F3DA002864F9 /* TreeParent.swift */; };
		D1C28E3E24C88EA7002864F9 /* LCA.swift in Sources */ = {isa = PBXBuildFile; fileRef = D1C28E3D24C88EA7002864F9 /* LCA.swift */; };
		D1D6403424A3B309005F196D /* ExaustiveSearch.swift in Sources */ = {isa = PBXBuildFile; fileRef = D1D6403324A3B309005F196D /* ExaustiveSearch.swift */; };
		D1D6403624A3E79B005F196D /* Assignment1.swift in Sources */ = {isa = PBXBuildFile; fileRef = D1D6403524A3E79B005F196D /* Assignment1.swift */; };
		D1DDF84D24B8C7FC00722428 /* TreeTraversals.swift in Sources */ = {isa = PBXBuildFile; fileRef = D1DDF84C24B8C7FC00722428 /* TreeTraversals.swift */; };
		D1DDF85224BCD2AE00722428 /* DFS.swift in Sources */ = {isa = PBXBuildFile; fileRef = D1DDF85124BCD2AE00722428 /* DFS.swift */; };
		D1DDF85724BE2ABA00722428 /* BFS.swift in Sources */ = {isa = PBXBuildFile; fileRef = D1DDF85624BE2ABA00722428 /* BFS.swift */; };
		D1DDF85924BE2F3C00722428 /* RabinKarp.swift in Sources */ = {isa = PBXBuildFile; fileRef = D1DDF85824BE2F3C00722428 /* RabinKarp.swift */; };
		D1DDF85B24BE2FC400722428 /* KMP.swift in Sources */ = {isa = PBXBuildFile; fileRef = D1DDF85A24BE2FC400722428 /* KMP.swift */; };
		D1DDF85D24BF6E1500722428 /* FindElements.swift in Sources */ = {isa = PBXBuildFile; fileRef = D1DDF85C24BF6E1500722428 /* FindElements.swift */; };
/* End PBXBuildFile section */

/* Begin PBXCopyFilesBuildPhase section */
		D18DEF2C24A2612F00DBF009 /* CopyFiles */ = {
			isa = PBXCopyFilesBuildPhase;
			buildActionMask = 2147483647;
			dstPath = /usr/share/man/man1/;
			dstSubfolderSpec = 0;
			files = (
			);
			runOnlyForDeploymentPostprocessing = 1;
		};
/* End PBXCopyFilesBuildPhase section */

/* Begin PBXFileReference section */
		D130DE4424A653A60005B699 /* Backtracking.swift */ = {isa = PBXFileReference; lastKnownFileType = sourcecode.swift; path = Backtracking.swift; sourceTree = "<group>"; };
		D149624524C0E87400B5BA5F /* TreeBasics.swift */ = {isa = PBXFileReference; lastKnownFileType = sourcecode.swift; path = TreeBasics.swift; sourceTree = "<group>"; };
		D178A27924B38AC400A0AB29 /* Sort.swift */ = {isa = PBXFileReference; lastKnownFileType = sourcecode.swift; path = Sort.swift; sourceTree = "<group>"; };
		D18DEF2E24A2612F00DBF009 /* SwiftAlgorithmDataStructure */ = {isa = PBXFileReference; explicitFileType = "compiled.mach-o.executable"; includeInIndex = 0; path = SwiftAlgorithmDataStructure; sourceTree = BUILT_PRODUCTS_DIR; };
		D18DEF3124A2612F00DBF009 /* main.swift */ = {isa = PBXFileReference; lastKnownFileType = sourcecode.swift; path = main.swift; sourceTree = "<group>"; };
		D18DEF3924A2617900DBF009 /* Recursion.swift */ = {isa = PBXFileReference; lastKnownFileType = sourcecode.swift; path = Recursion.swift; sourceTree = "<group>"; };
		D18DEF3B24A267B200DBF009 /* String+DPStringTool.swift */ = {isa = PBXFileReference; fileEncoding = 4; lastKnownFileType = sourcecode.swift; path = "String+DPStringTool.swift"; sourceTree = "<group>"; };
		D18DEF3D24A2741A00DBF009 /* story.txt */ = {isa = PBXFileReference; lastKnownFileType = text; path = story.txt; sourceTree = "<group>"; };
		D1B39C0424A53868000E91EE /* TreeFiles.swift */ = {isa = PBXFileReference; lastKnownFileType = sourcecode.swift; path = TreeFiles.swift; sourceTree = "<group>"; };
		D1B39C0A24A5695D000E91EE /* Test1.swift */ = {isa = PBXFileReference; lastKnownFileType = sourcecode.swift; path = Test1.swift; sourceTree = "<group>"; };
		D1BA72CC24B626DE0085A1A2 /* Bag.swift */ = {isa = PBXFileReference; lastKnownFileType = sourcecode.swift; path = Bag.swift; sourceTree = "<group>"; };
		D1BA72CE24B626E60085A1A2 /* Stack.swift */ = {isa = PBXFileReference; lastKnownFileType = sourcecode.swift; path = Stack.swift; sourceTree = "<group>"; };
		D1BA72D024B626EF0085A1A2 /* Queue.swift */ = {isa = PBXFileReference; lastKnownFileType = sourcecode.swift; path = Queue.swift; sourceTree = "<group>"; };
		D1C28E3B24C5F3DA002864F9 /* TreeParent.swift */ = {isa = PBXFileReference; lastKnownFileType = sourcecode.swift; path = TreeParent.swift; sourceTree = "<group>"; };
		D1C28E3D24C88EA7002864F9 /* LCA.swift */ = {isa = PBXFileReference; lastKnownFileType = sourcecode.swift; path = LCA.swift; sourceTree = "<group>"; };
		D1D6403324A3B309005F196D /* ExaustiveSearch.swift */ = {isa = PBXFileReference; lastKnownFileType = sourcecode.swift; path = ExaustiveSearch.swift; sourceTree = "<group>"; };
		D1D6403524A3E79B005F196D /* Assignment1.swift */ = {isa = PBXFileReference; lastKnownFileType = sourcecode.swift; path = Assignment1.swift; sourceTree = "<group>"; };
		D1DDF84C24B8C7FC00722428 /* TreeTraversals.swift */ = {isa = PBXFileReference; lastKnownFileType = sourcecode.swift; path = TreeTraversals.swift; sourceTree = "<group>"; };
		D1DDF85124BCD2AE00722428 /* DFS.swift */ = {isa = PBXFileReference; lastKnownFileType = sourcecode.swift; path = DFS.swift; sourceTree = "<group>"; };
		D1DDF85624BE2ABA00722428 /* BFS.swift */ = {isa = PBXFileReference; lastKnownFileType = sourcecode.swift; path = BFS.swift; sourceTree = "<group>"; };
		D1DDF85824BE2F3C00722428 /* RabinKarp.swift */ = {isa = PBXFileReference; lastKnownFileType = sourcecode.swift; path = RabinKarp.swift; sourceTree = "<group>"; };
		D1DDF85A24BE2FC400722428 /* KMP.swift */ = {isa = PBXFileReference; lastKnownFileType = sourcecode.swift; path = KMP.swift; sourceTree = "<group>"; };
		D1DDF85C24BF6E1500722428 /* FindElements.swift */ = {isa = PBXFileReference; lastKnownFileType = sourcecode.swift; path = FindElements.swift; sourceTree = "<group>"; };
/* End PBXFileReference section */

/* Begin PBXFrameworksBuildPhase section */
		D18DEF2B24A2612F00DBF009 /* Frameworks */ = {
			isa = PBXFrameworksBuildPhase;
			buildActionMask = 2147483647;
			files = (
			);
			runOnlyForDeploymentPostprocessing = 0;
		};
/* End PBXFrameworksBuildPhase section */

/* Begin PBXGroup section */
		D178A27824B38AB200A0AB29 /* Sort */ = {
			isa = PBXGroup;
			children = (
				D178A27924B38AC400A0AB29 /* Sort.swift */,
				D1DDF85C24BF6E1500722428 /* FindElements.swift */,
			);
			path = Sort;
			sourceTree = "<group>";
		};
		D18DEF2524A2612F00DBF009 = {
			isa = PBXGroup;
			children = (
				D18DEF3024A2612F00DBF009 /* SwiftAlgorithmDataStructure */,
				D18DEF2F24A2612F00DBF009 /* Products */,
			);
			sourceTree = "<group>";
		};
		D18DEF2F24A2612F00DBF009 /* Products */ = {
			isa = PBXGroup;
			children = (
				D18DEF2E24A2612F00DBF009 /* SwiftAlgorithmDataStructure */,
			);
			name = Products;
			sourceTree = "<group>";
		};
		D18DEF3024A2612F00DBF009 /* SwiftAlgorithmDataStructure */ = {
			isa = PBXGroup;
			children = (
				D18DEF3B24A267B200DBF009 /* String+DPStringTool.swift */,
				D18DEF3124A2612F00DBF009 /* main.swift */,
				D1DDF85324BE289400722428 /* SubstringSearch */,
				D1DDF85024BCD2A300722428 /* Graphs */,
				D1DDF84B24B8C7E300722428 /* Tree */,
				D1BA72CB24B626AC0085A1A2 /* DataStructures1 */,
				D178A27824B38AB200A0AB29 /* Sort */,
				D1B39C0324A53848000E91EE /* MiniProject */,
				D18DEF3824A2616300DBF009 /* Recursion */,
			);
			path = SwiftAlgorithmDataStructure;
			sourceTree = "<group>";
		};
		D18DEF3824A2616300DBF009 /* Recursion */ = {
			isa = PBXGroup;
			children = (
				D18DEF3924A2617900DBF009 /* Recursion.swift */,
				D130DE4424A653A60005B699 /* Backtracking.swift */,
				D1D6403324A3B309005F196D /* ExaustiveSearch.swift */,
				D1D6403524A3E79B005F196D /* Assignment1.swift */,
				D18DEF3D24A2741A00DBF009 /* story.txt */,
			);
			path = Recursion;
			sourceTree = "<group>";
		};
		D1B39C0324A53848000E91EE /* MiniProject */ = {
			isa = PBXGroup;
			children = (
				D1B39C0424A53868000E91EE /* TreeFiles.swift */,
				D1B39C0A24A5695D000E91EE /* Test1.swift */,
			);
			path = MiniProject;
			sourceTree = "<group>";
		};
		D1BA72CB24B626AC0085A1A2 /* DataStructures1 */ = {
			isa = PBXGroup;
			children = (
				D1BA72CC24B626DE0085A1A2 /* Bag.swift */,
				D1BA72CE24B626E60085A1A2 /* Stack.swift */,
				D1BA72D024B626EF0085A1A2 /* Queue.swift */,
			);
			path = DataStructures1;
			sourceTree = "<group>";
		};
		D1DDF84B24B8C7E300722428 /* Tree */ = {
			isa = PBXGroup;
			children = (
				D1DDF84C24B8C7FC00722428 /* TreeTraversals.swift */,
				D149624524C0E87400B5BA5F /* TreeBasics.swift */,
				D1C28E3B24C5F3DA002864F9 /* TreeParent.swift */,
				D1C28E3D24C88EA7002864F9 /* LCA.swift */,
			);
			path = Tree;
			sourceTree = "<group>";
		};
		D1DDF85024BCD2A300722428 /* Graphs */ = {
			isa = PBXGroup;
			children = (
				D1DDF85124BCD2AE00722428 /* DFS.swift */,
				D1DDF85624BE2ABA00722428 /* BFS.swift */,
			);
			path = Graphs;
			sourceTree = "<group>";
		};
		D1DDF85324BE289400722428 /* SubstringSearch */ = {
			isa = PBXGroup;
			children = (
				D1DDF85824BE2F3C00722428 /* RabinKarp.swift */,
				D1DDF85A24BE2FC400722428 /* KMP.swift */,
			);
			path = SubstringSearch;
			sourceTree = "<group>";
		};
/* End PBXGroup section */

/* Begin PBXNativeTarget section */
		D18DEF2D24A2612F00DBF009 /* SwiftAlgorithmDataStructure */ = {
			isa = PBXNativeTarget;
			buildConfigurationList = D18DEF3524A2612F00DBF009 /* Build configuration list for PBXNativeTarget "SwiftAlgorithmDataStructure" */;
			buildPhases = (
				D18DEF2A24A2612F00DBF009 /* Sources */,
				D18DEF2B24A2612F00DBF009 /* Frameworks */,
				D18DEF2C24A2612F00DBF009 /* CopyFiles */,
			);
			buildRules = (
			);
			dependencies = (
			);
			name = SwiftAlgorithmDataStructure;
			productName = SwiftAlgorithmDataStructure;
			productReference = D18DEF2E24A2612F00DBF009 /* SwiftAlgorithmDataStructure */;
			productType = "com.apple.product-type.tool";
		};
/* End PBXNativeTarget section */

/* Begin PBXProject section */
		D18DEF2624A2612F00DBF009 /* Project object */ = {
			isa = PBXProject;
			attributes = {
				LastSwiftUpdateCheck = 1150;
				LastUpgradeCheck = 1150;
				ORGANIZATIONNAME = "Leandro Prado";
				TargetAttributes = {
					D18DEF2D24A2612F00DBF009 = {
						CreatedOnToolsVersion = 11.5;
					};
				};
			};
			buildConfigurationList = D18DEF2924A2612F00DBF009 /* Build configuration list for PBXProject "SwiftAlgorithmDataStructure" */;
			compatibilityVersion = "Xcode 9.3";
			developmentRegion = en;
			hasScannedForEncodings = 0;
			knownRegions = (
				en,
				Base,
			);
			mainGroup = D18DEF2524A2612F00DBF009;
			productRefGroup = D18DEF2F24A2612F00DBF009 /* Products */;
			projectDirPath = "";
			projectRoot = "";
			targets = (
				D18DEF2D24A2612F00DBF009 /* SwiftAlgorithmDataStructure */,
			);
		};
/* End PBXProject section */

/* Begin PBXSourcesBuildPhase section */
		D18DEF2A24A2612F00DBF009 /* Sources */ = {
			isa = PBXSourcesBuildPhase;
			buildActionMask = 2147483647;
			files = (
				D1BA72CD24B626DE0085A1A2 /* Bag.swift in Sources */,
				D1DDF85D24BF6E1500722428 /* FindElements.swift in Sources */,
				D1D6403624A3E79B005F196D /* Assignment1.swift in Sources */,
				D130DE4524A653A60005B699 /* Backtracking.swift in Sources */,
				D1DDF85B24BE2FC400722428 /* KMP.swift in Sources */,
				D178A27A24B38AC400A0AB29 /* Sort.swift in Sources */,
				D1DDF84D24B8C7FC00722428 /* TreeTraversals.swift in Sources */,
				D1DDF85224BCD2AE00722428 /* DFS.swift in Sources */,
				D1D6403424A3B309005F196D /* ExaustiveSearch.swift in Sources */,
				D1C28E3C24C5F3DA002864F9 /* TreeParent.swift in Sources */,
				D1C28E3E24C88EA7002864F9 /* LCA.swift in Sources */,
				D1BA72CF24B626E60085A1A2 /* Stack.swift in Sources */,
				D18DEF3C24A267B200DBF009 /* String+DPStringTool.swift in Sources */,
				D1BA72D124B626EF0085A1A2 /* Queue.swift in Sources */,
				D1B39C0B24A5695D000E91EE /* Test1.swift in Sources */,
				D18DEF3A24A2617900DBF009 /* Recursion.swift in Sources */,
				D18DEF3224A2612F00DBF009 /* main.swift in Sources */,
				D1DDF85924BE2F3C00722428 /* RabinKarp.swift in Sources */,
				D1B39C0524A53868000E91EE /* TreeFiles.swift in Sources */,
				D1DDF85724BE2ABA00722428 /* BFS.swift in Sources */,
				D149624624C0E87400B5BA5F /* TreeBasics.swift in Sources */,
			);
			runOnlyForDeploymentPostprocessing = 0;
		};
/* End PBXSourcesBuildPhase section */

/* Begin XCBuildConfiguration section */
		D18DEF3324A2612F00DBF009 /* Debug */ = {
			isa = XCBuildConfiguration;
			buildSettings = {
				ALWAYS_SEARCH_USER_PATHS = NO;
				CLANG_ANALYZER_NONNULL = YES;
				CLANG_ANALYZER_NUMBER_OBJECT_CONVERSION = YES_AGGRESSIVE;
				CLANG_CXX_LANGUAGE_STANDARD = "gnu++14";
				CLANG_CXX_LIBRARY = "libc++";
				CLANG_ENABLE_MODULES = YES;
				CLANG_ENABLE_OBJC_ARC = YES;
				CLANG_ENABLE_OBJC_WEAK = YES;
				CLANG_WARN_BLOCK_CAPTURE_AUTORELEASING = YES;
				CLANG_WARN_BOOL_CONVERSION = YES;
				CLANG_WARN_COMMA = YES;
				CLANG_WARN_CONSTANT_CONVERSION = YES;
				CLANG_WARN_DEPRECATED_OBJC_IMPLEMENTATIONS = YES;
				CLANG_WARN_DIRECT_OBJC_ISA_USAGE = YES_ERROR;
				CLANG_WARN_DOCUMENTATION_COMMENTS = YES;
				CLANG_WARN_EMPTY_BODY = YES;
				CLANG_WARN_ENUM_CONVERSION = YES;
				CLANG_WARN_INFINITE_RECURSION = YES;
				CLANG_WARN_INT_CONVERSION = YES;
				CLANG_WARN_NON_LITERAL_NULL_CONVERSION = YES;
				CLANG_WARN_OBJC_IMPLICIT_RETAIN_SELF = YES;
				CLANG_WARN_OBJC_LITERAL_CONVERSION = YES;
				CLANG_WARN_OBJC_ROOT_CLASS = YES_ERROR;
				CLANG_WARN_RANGE_LOOP_ANALYSIS = YES;
				CLANG_WARN_STRICT_PROTOTYPES = YES;
				CLANG_WARN_SUSPICIOUS_MOVE = YES;
				CLANG_WARN_UNGUARDED_AVAILABILITY = YES_AGGRESSIVE;
				CLANG_WARN_UNREACHABLE_CODE = YES;
				CLANG_WARN__DUPLICATE_METHOD_MATCH = YES;
				COPY_PHASE_STRIP = NO;
				DEBUG_INFORMATION_FORMAT = dwarf;
				ENABLE_STRICT_OBJC_MSGSEND = YES;
				ENABLE_TESTABILITY = YES;
				GCC_C_LANGUAGE_STANDARD = gnu11;
				GCC_DYNAMIC_NO_PIC = NO;
				GCC_NO_COMMON_BLOCKS = YES;
				GCC_OPTIMIZATION_LEVEL = 0;
				GCC_PREPROCESSOR_DEFINITIONS = (
					"DEBUG=1",
					"$(inherited)",
				);
				GCC_WARN_64_TO_32_BIT_CONVERSION = YES;
				GCC_WARN_ABOUT_RETURN_TYPE = YES_ERROR;
				GCC_WARN_UNDECLARED_SELECTOR = YES;
				GCC_WARN_UNINITIALIZED_AUTOS = YES_AGGRESSIVE;
				GCC_WARN_UNUSED_FUNCTION = YES;
				GCC_WARN_UNUSED_VARIABLE = YES;
				MACOSX_DEPLOYMENT_TARGET = 10.15;
				MTL_ENABLE_DEBUG_INFO = INCLUDE_SOURCE;
				MTL_FAST_MATH = YES;
				ONLY_ACTIVE_ARCH = YES;
				SDKROOT = macosx;
				SWIFT_ACTIVE_COMPILATION_CONDITIONS = DEBUG;
				SWIFT_OPTIMIZATION_LEVEL = "-Onone";
			};
			name = Debug;
		};
		D18DEF3424A2612F00DBF009 /* Release */ = {
			isa = XCBuildConfiguration;
			buildSettings = {
				ALWAYS_SEARCH_USER_PATHS = NO;
				CLANG_ANALYZER_NONNULL = YES;
				CLANG_ANALYZER_NUMBER_OBJECT_CONVERSION = YES_AGGRESSIVE;
				CLANG_CXX_LANGUAGE_STANDARD = "gnu++14";
				CLANG_CXX_LIBRARY = "libc++";
				CLANG_ENABLE_MODULES = YES;
				CLANG_ENABLE_OBJC_ARC = YES;
				CLANG_ENABLE_OBJC_WEAK = YES;
				CLANG_WARN_BLOCK_CAPTURE_AUTORELEASING = YES;
				CLANG_WARN_BOOL_CONVERSION = YES;
				CLANG_WARN_COMMA = YES;
				CLANG_WARN_CONSTANT_CONVERSION = YES;
				CLANG_WARN_DEPRECATED_OBJC_IMPLEMENTATIONS = YES;
				CLANG_WARN_DIRECT_OBJC_ISA_USAGE = YES_ERROR;
				CLANG_WARN_DOCUMENTATION_COMMENTS = YES;
				CLANG_WARN_EMPTY_BODY = YES;
				CLANG_WARN_ENUM_CONVERSION = YES;
				CLANG_WARN_INFINITE_RECURSION = YES;
				CLANG_WARN_INT_CONVERSION = YES;
				CLANG_WARN_NON_LITERAL_NULL_CONVERSION = YES;
				CLANG_WARN_OBJC_IMPLICIT_RETAIN_SELF = YES;
				CLANG_WARN_OBJC_LITERAL_CONVERSION = YES;
				CLANG_WARN_OBJC_ROOT_CLASS = YES_ERROR;
				CLANG_WARN_RANGE_LOOP_ANALYSIS = YES;
				CLANG_WARN_STRICT_PROTOTYPES = YES;
				CLANG_WARN_SUSPICIOUS_MOVE = YES;
				CLANG_WARN_UNGUARDED_AVAILABILITY = YES_AGGRESSIVE;
				CLANG_WARN_UNREACHABLE_CODE = YES;
				CLANG_WARN__DUPLICATE_METHOD_MATCH = YES;
				COPY_PHASE_STRIP = NO;
				DEBUG_INFORMATION_FORMAT = "dwarf-with-dsym";
				ENABLE_NS_ASSERTIONS = NO;
				ENABLE_STRICT_OBJC_MSGSEND = YES;
				GCC_C_LANGUAGE_STANDARD = gnu11;
				GCC_NO_COMMON_BLOCKS = YES;
				GCC_WARN_64_TO_32_BIT_CONVERSION = YES;
				GCC_WARN_ABOUT_RETURN_TYPE = YES_ERROR;
				GCC_WARN_UNDECLARED_SELECTOR = YES;
				GCC_WARN_UNINITIALIZED_AUTOS = YES_AGGRESSIVE;
				GCC_WARN_UNUSED_FUNCTION = YES;
				GCC_WARN_UNUSED_VARIABLE = YES;
				MACOSX_DEPLOYMENT_TARGET = 10.15;
				MTL_ENABLE_DEBUG_INFO = NO;
				MTL_FAST_MATH = YES;
				SDKROOT = macosx;
				SWIFT_COMPILATION_MODE = wholemodule;
				SWIFT_OPTIMIZATION_LEVEL = "-O";
			};
			name = Release;
		};
		D18DEF3624A2612F00DBF009 /* Debug */ = {
			isa = XCBuildConfiguration;
			buildSettings = {
				CODE_SIGN_STYLE = Automatic;
				DEVELOPMENT_TEAM = 85442JNC23;
				ENABLE_HARDENED_RUNTIME = YES;
				PRODUCT_NAME = "$(TARGET_NAME)";
				SWIFT_VERSION = 5.0;
			};
			name = Debug;
		};
		D18DEF3724A2612F00DBF009 /* Release */ = {
			isa = XCBuildConfiguration;
			buildSettings = {
				CODE_SIGN_STYLE = Automatic;
				DEVELOPMENT_TEAM = 85442JNC23;
				ENABLE_HARDENED_RUNTIME = YES;
				PRODUCT_NAME = "$(TARGET_NAME)";
				SWIFT_VERSION = 5.0;
			};
			name = Release;
		};
/* End XCBuildConfiguration section */

/* Begin XCConfigurationList section */
		D18DEF2924A2612F00DBF009 /* Build configuration list for PBXProject "SwiftAlgorithmDataStructure" */ = {
			isa = XCConfigurationList;
			buildConfigurations = (
				D18DEF3324A2612F00DBF009 /* Debug */,
				D18DEF3424A2612F00DBF009 /* Release */,
			);
			defaultConfigurationIsVisible = 0;
			defaultConfigurationName = Release;
		};
		D18DEF3524A2612F00DBF009 /* Build configuration list for PBXNativeTarget "SwiftAlgorithmDataStructure" */ = {
			isa = XCConfigurationList;
			buildConfigurations = (
				D18DEF3624A2612F00DBF009 /* Debug */,
				D18DEF3724A2612F00DBF009 /* Release */,
			);
			defaultConfigurationIsVisible = 0;
			defaultConfigurationName = Release;
		};
/* End XCConfigurationList section */
	};
	rootObject = D18DEF2624A2612F00DBF009 /* Project object */;
}
